// !$*UTF8*$!
{
	archiveVersion = 1;
	classes = {
	};
	objectVersion = 54;
	objects = {

/* Begin PBXBuildFile section */
		211A4370222844C8001C483A /* Hang Glider Sound.mp3 in Resources */ = {isa = PBXBuildFile; fileRef = 211A436F222844C8001C483A /* Hang Glider Sound.mp3 */; };
		211A437222284509001C483A /* Fortnite Bus Sound.mp3 in Resources */ = {isa = PBXBuildFile; fileRef = 211A437122284508001C483A /* Fortnite Bus Sound.mp3 */; };
		211A437422284573001C483A /* Assets 2.xcassets in Resources */ = {isa = PBXBuildFile; fileRef = 211A437322284573001C483A /* Assets 2.xcassets */; };
		2131939D29461C1600B3BCE9 /* SusbcribeView.swift in Sources */ = {isa = PBXBuildFile; fileRef = 2131939C29461C1600B3BCE9 /* SusbcribeView.swift */; };
		214DE3E2217BBBAC006795D6 /* WebKit.framework in Frameworks */ = {isa = PBXBuildFile; fileRef = 214DE3E1217BBBAC006795D6 /* WebKit.framework */; };
		2183EC0D20FE2BA6002203D3 /* AppDelegate.swift in Sources */ = {isa = PBXBuildFile; fileRef = 2183EC0C20FE2BA6002203D3 /* AppDelegate.swift */; };
		2183EC0F20FE2BA6002203D3 /* ViewController.swift in Sources */ = {isa = PBXBuildFile; fileRef = 2183EC0E20FE2BA6002203D3 /* ViewController.swift */; };
		2183EC1220FE2BA6002203D3 /* Main.storyboard in Resources */ = {isa = PBXBuildFile; fileRef = 2183EC1020FE2BA6002203D3 /* Main.storyboard */; };
		2183EC1720FE2BB2002203D3 /* LaunchScreen.storyboard in Resources */ = {isa = PBXBuildFile; fileRef = 2183EC1520FE2BB2002203D3 /* LaunchScreen.storyboard */; };
		2183EC3D20FF7AB6002203D3 /* Burbank Big Condensed Black.ttf in Resources */ = {isa = PBXBuildFile; fileRef = 2183EC3C20FF7A61002203D3 /* Burbank Big Condensed Black.ttf */; };
		21DAA1132B0BB083002B1462 /* GoogleService-Info.plist in Resources */ = {isa = PBXBuildFile; fileRef = 21DAA1122B0BB083002B1462 /* GoogleService-Info.plist */; };
		21F265A7226CC987001A8B1A /* StoreKit.framework in Frameworks */ = {isa = PBXBuildFile; fileRef = 21F265A6226CC987001A8B1A /* StoreKit.framework */; };
		5F53CE794BC9E4E31750B89C /* Pods_Fortnite_DropperTests.framework in Frameworks */ = {isa = PBXBuildFile; fileRef = D8F7A1B4BC7A3C8AF1AA5A4D /* Pods_Fortnite_DropperTests.framework */; };
		71855A6A8BC04F89230D3FDA /* Pods_Fortnite_DropperUITests.framework in Frameworks */ = {isa = PBXBuildFile; fileRef = B9FEB6D7784BF74C247157C8 /* Pods_Fortnite_DropperUITests.framework */; };
		E06322BE378AF64899F27BCF /* Pods_Fortnite_Dropper.framework in Frameworks */ = {isa = PBXBuildFile; fileRef = AAC1ED7C540D75B5396CDD6D /* Pods_Fortnite_Dropper.framework */; };
/* End PBXBuildFile section */

/* Begin PBXContainerItemProxy section */
		2183EC1E20FE2BB2002203D3 /* PBXContainerItemProxy */ = {
			isa = PBXContainerItemProxy;
			containerPortal = 2183EC0120FE2BA6002203D3 /* Project object */;
			proxyType = 1;
			remoteGlobalIDString = 2183EC0820FE2BA6002203D3;
			remoteInfo = "Fortnite Dropper";
		};
		2183EC2920FE2BB2002203D3 /* PBXContainerItemProxy */ = {
			isa = PBXContainerItemProxy;
			containerPortal = 2183EC0120FE2BA6002203D3 /* Project object */;
			proxyType = 1;
			remoteGlobalIDString = 2183EC0820FE2BA6002203D3;
			remoteInfo = "Fortnite Dropper";
		};
/* End PBXContainerItemProxy section */

/* Begin PBXFileReference section */
		12622EEDB8B7E1B7A119C7A7 /* Pods-Fortnite Dropper.debug.xcconfig */ = {isa = PBXFileReference; includeInIndex = 1; lastKnownFileType = text.xcconfig; name = "Pods-Fortnite Dropper.debug.xcconfig"; path = "Pods/Target Support Files/Pods-Fortnite Dropper/Pods-Fortnite Dropper.debug.xcconfig"; sourceTree = "<group>"; };
		211A436F222844C8001C483A /* Hang Glider Sound.mp3 */ = {isa = PBXFileReference; lastKnownFileType = audio.mp3; path = "Hang Glider Sound.mp3"; sourceTree = "<group>"; };
		211A437122284508001C483A /* Fortnite Bus Sound.mp3 */ = {isa = PBXFileReference; lastKnownFileType = audio.mp3; path = "Fortnite Bus Sound.mp3"; sourceTree = "<group>"; };
		211A437322284573001C483A /* Assets 2.xcassets */ = {isa = PBXFileReference; lastKnownFileType = folder.assetcatalog; path = "Assets 2.xcassets"; sourceTree = "<group>"; };
		2131939C29461C1600B3BCE9 /* SusbcribeView.swift */ = {isa = PBXFileReference; lastKnownFileType = sourcecode.swift; path = SusbcribeView.swift; sourceTree = "<group>"; };
		214DE3E1217BBBAC006795D6 /* WebKit.framework */ = {isa = PBXFileReference; lastKnownFileType = wrapper.framework; name = WebKit.framework; path = System/Library/Frameworks/WebKit.framework; sourceTree = SDKROOT; };
		2183EC0920FE2BA6002203D3 /* Fortnite Dropper.app */ = {isa = PBXFileReference; explicitFileType = wrapper.application; includeInIndex = 0; path = "Fortnite Dropper.app"; sourceTree = BUILT_PRODUCTS_DIR; };
		2183EC0C20FE2BA6002203D3 /* AppDelegate.swift */ = {isa = PBXFileReference; lastKnownFileType = sourcecode.swift; path = AppDelegate.swift; sourceTree = "<group>"; };
		2183EC0E20FE2BA6002203D3 /* ViewController.swift */ = {isa = PBXFileReference; lastKnownFileType = sourcecode.swift; path = ViewController.swift; sourceTree = "<group>"; };
		2183EC1120FE2BA6002203D3 /* Base */ = {isa = PBXFileReference; lastKnownFileType = file.storyboard; name = Base; path = Base.lproj/Main.storyboard; sourceTree = "<group>"; };
		2183EC1620FE2BB2002203D3 /* Base */ = {isa = PBXFileReference; lastKnownFileType = file.storyboard; name = Base; path = Base.lproj/LaunchScreen.storyboard; sourceTree = "<group>"; };
		2183EC1820FE2BB2002203D3 /* Info.plist */ = {isa = PBXFileReference; lastKnownFileType = text.plist.xml; path = Info.plist; sourceTree = "<group>"; };
		2183EC1D20FE2BB2002203D3 /* Fortnite DropperTests.xctest */ = {isa = PBXFileReference; explicitFileType = wrapper.cfbundle; includeInIndex = 0; path = "Fortnite DropperTests.xctest"; sourceTree = BUILT_PRODUCTS_DIR; };
		2183EC2820FE2BB2002203D3 /* Fortnite DropperUITests.xctest */ = {isa = PBXFileReference; explicitFileType = wrapper.cfbundle; includeInIndex = 0; path = "Fortnite DropperUITests.xctest"; sourceTree = BUILT_PRODUCTS_DIR; };
		2183EC3C20FF7A61002203D3 /* Burbank Big Condensed Black.ttf */ = {isa = PBXFileReference; lastKnownFileType = file; path = "Burbank Big Condensed Black.ttf"; sourceTree = "<group>"; };
		21DAA1122B0BB083002B1462 /* GoogleService-Info.plist */ = {isa = PBXFileReference; fileEncoding = 4; lastKnownFileType = text.plist.xml; path = "GoogleService-Info.plist"; sourceTree = "<group>"; };
		21F265A6226CC987001A8B1A /* StoreKit.framework */ = {isa = PBXFileReference; lastKnownFileType = wrapper.framework; name = StoreKit.framework; path = System/Library/Frameworks/StoreKit.framework; sourceTree = SDKROOT; };
		4EE879936829B2E2B0C1B60A /* Pods-Fortnite DropperTests.release.xcconfig */ = {isa = PBXFileReference; includeInIndex = 1; lastKnownFileType = text.xcconfig; name = "Pods-Fortnite DropperTests.release.xcconfig"; path = "Pods/Target Support Files/Pods-Fortnite DropperTests/Pods-Fortnite DropperTests.release.xcconfig"; sourceTree = "<group>"; };
		75E8B643133087016E752B45 /* Pods-Fortnite DropperUITests.debug.xcconfig */ = {isa = PBXFileReference; includeInIndex = 1; lastKnownFileType = text.xcconfig; name = "Pods-Fortnite DropperUITests.debug.xcconfig"; path = "Pods/Target Support Files/Pods-Fortnite DropperUITests/Pods-Fortnite DropperUITests.debug.xcconfig"; sourceTree = "<group>"; };
		87E54B4F845FC7C1E23BDBCA /* Pods-Fortnite Dropper.release.xcconfig */ = {isa = PBXFileReference; includeInIndex = 1; lastKnownFileType = text.xcconfig; name = "Pods-Fortnite Dropper.release.xcconfig"; path = "Pods/Target Support Files/Pods-Fortnite Dropper/Pods-Fortnite Dropper.release.xcconfig"; sourceTree = "<group>"; };
		AAC1ED7C540D75B5396CDD6D /* Pods_Fortnite_Dropper.framework */ = {isa = PBXFileReference; explicitFileType = wrapper.framework; includeInIndex = 0; path = Pods_Fortnite_Dropper.framework; sourceTree = BUILT_PRODUCTS_DIR; };
		B9FEB6D7784BF74C247157C8 /* Pods_Fortnite_DropperUITests.framework */ = {isa = PBXFileReference; explicitFileType = wrapper.framework; includeInIndex = 0; path = Pods_Fortnite_DropperUITests.framework; sourceTree = BUILT_PRODUCTS_DIR; };
		C5B4737F07D65E8A060A296B /* Pods-Fortnite DropperTests.debug.xcconfig */ = {isa = PBXFileReference; includeInIndex = 1; lastKnownFileType = text.xcconfig; name = "Pods-Fortnite DropperTests.debug.xcconfig"; path = "Pods/Target Support Files/Pods-Fortnite DropperTests/Pods-Fortnite DropperTests.debug.xcconfig"; sourceTree = "<group>"; };
		D8F7A1B4BC7A3C8AF1AA5A4D /* Pods_Fortnite_DropperTests.framework */ = {isa = PBXFileReference; explicitFileType = wrapper.framework; includeInIndex = 0; path = Pods_Fortnite_DropperTests.framework; sourceTree = BUILT_PRODUCTS_DIR; };
		F7984202CC865E60CC742CA3 /* Pods-Fortnite DropperUITests.release.xcconfig */ = {isa = PBXFileReference; includeInIndex = 1; lastKnownFileType = text.xcconfig; name = "Pods-Fortnite DropperUITests.release.xcconfig"; path = "Pods/Target Support Files/Pods-Fortnite DropperUITests/Pods-Fortnite DropperUITests.release.xcconfig"; sourceTree = "<group>"; };
/* End PBXFileReference section */

/* Begin PBXFrameworksBuildPhase section */
		2183EC0620FE2BA6002203D3 /* Frameworks */ = {
			isa = PBXFrameworksBuildPhase;
			buildActionMask = 2147483647;
			files = (
				21F265A7226CC987001A8B1A /* StoreKit.framework in Frameworks */,
				214DE3E2217BBBAC006795D6 /* WebKit.framework in Frameworks */,
				E06322BE378AF64899F27BCF /* Pods_Fortnite_Dropper.framework in Frameworks */,
			);
			runOnlyForDeploymentPostprocessing = 0;
		};
		2183EC1A20FE2BB2002203D3 /* Frameworks */ = {
			isa = PBXFrameworksBuildPhase;
			buildActionMask = 2147483647;
			files = (
				5F53CE794BC9E4E31750B89C /* Pods_Fortnite_DropperTests.framework in Frameworks */,
			);
			runOnlyForDeploymentPostprocessing = 0;
		};
		2183EC2520FE2BB2002203D3 /* Frameworks */ = {
			isa = PBXFrameworksBuildPhase;
			buildActionMask = 2147483647;
			files = (
				71855A6A8BC04F89230D3FDA /* Pods_Fortnite_DropperUITests.framework in Frameworks */,
			);
			runOnlyForDeploymentPostprocessing = 0;
		};
/* End PBXFrameworksBuildPhase section */

/* Begin PBXGroup section */
		113C560B6DBA8747D756C22B /* Pods */ = {
			isa = PBXGroup;
			children = (
				12622EEDB8B7E1B7A119C7A7 /* Pods-Fortnite Dropper.debug.xcconfig */,
				87E54B4F845FC7C1E23BDBCA /* Pods-Fortnite Dropper.release.xcconfig */,
				C5B4737F07D65E8A060A296B /* Pods-Fortnite DropperTests.debug.xcconfig */,
				4EE879936829B2E2B0C1B60A /* Pods-Fortnite DropperTests.release.xcconfig */,
				75E8B643133087016E752B45 /* Pods-Fortnite DropperUITests.debug.xcconfig */,
				F7984202CC865E60CC742CA3 /* Pods-Fortnite DropperUITests.release.xcconfig */,
			);
			name = Pods;
			sourceTree = "<group>";
		};
		2183EC0020FE2BA6002203D3 = {
			isa = PBXGroup;
			children = (
				2183EC0B20FE2BA6002203D3 /* Fortnite Dropper */,
				2183EC0A20FE2BA6002203D3 /* Products */,
				2C146443A94A49FE9BA8C660 /* Frameworks */,
				113C560B6DBA8747D756C22B /* Pods */,
			);
			sourceTree = "<group>";
		};
		2183EC0A20FE2BA6002203D3 /* Products */ = {
			isa = PBXGroup;
			children = (
				2183EC0920FE2BA6002203D3 /* Fortnite Dropper.app */,
				2183EC1D20FE2BB2002203D3 /* Fortnite DropperTests.xctest */,
				2183EC2820FE2BB2002203D3 /* Fortnite DropperUITests.xctest */,
			);
			name = Products;
			sourceTree = "<group>";
		};
		2183EC0B20FE2BA6002203D3 /* Fortnite Dropper */ = {
			isa = PBXGroup;
			children = (
				2183EC0C20FE2BA6002203D3 /* AppDelegate.swift */,
				2183EC1020FE2BA6002203D3 /* Main.storyboard */,
				2183EC0E20FE2BA6002203D3 /* ViewController.swift */,
				211A437322284573001C483A /* Assets 2.xcassets */,
				2183EC1520FE2BB2002203D3 /* LaunchScreen.storyboard */,
				2183EC1820FE2BB2002203D3 /* Info.plist */,
				2183EC3C20FF7A61002203D3 /* Burbank Big Condensed Black.ttf */,
				211A436F222844C8001C483A /* Hang Glider Sound.mp3 */,
				211A437122284508001C483A /* Fortnite Bus Sound.mp3 */,
				2131939C29461C1600B3BCE9 /* SusbcribeView.swift */,
				21DAA1122B0BB083002B1462 /* GoogleService-Info.plist */,
			);
			path = "Fortnite Dropper";
			sourceTree = "<group>";
		};
		2C146443A94A49FE9BA8C660 /* Frameworks */ = {
			isa = PBXGroup;
			children = (
				21F265A6226CC987001A8B1A /* StoreKit.framework */,
				214DE3E1217BBBAC006795D6 /* WebKit.framework */,
				AAC1ED7C540D75B5396CDD6D /* Pods_Fortnite_Dropper.framework */,
				D8F7A1B4BC7A3C8AF1AA5A4D /* Pods_Fortnite_DropperTests.framework */,
				B9FEB6D7784BF74C247157C8 /* Pods_Fortnite_DropperUITests.framework */,
			);
			name = Frameworks;
			sourceTree = "<group>";
		};
/* End PBXGroup section */

/* Begin PBXNativeTarget section */
		2183EC0820FE2BA6002203D3 /* Fortnite Dropper */ = {
			isa = PBXNativeTarget;
			buildConfigurationList = 2183EC3120FE2BB2002203D3 /* Build configuration list for PBXNativeTarget "Fortnite Dropper" */;
			buildPhases = (
				655E08A216AE54E30D8D9AA4 /* [CP] Check Pods Manifest.lock */,
				2183EC0520FE2BA6002203D3 /* Sources */,
				2183EC0620FE2BA6002203D3 /* Frameworks */,
				2183EC0720FE2BA6002203D3 /* Resources */,
				214CD62B224C402600F39A5C /* ShellScript */,
				DFFF4351D756812E1392BF1F /* [CP] Embed Pods Frameworks */,
			);
			buildRules = (
			);
			dependencies = (
			);
			name = "Fortnite Dropper";
			productName = "Fortnite Dropper";
			productReference = 2183EC0920FE2BA6002203D3 /* Fortnite Dropper.app */;
			productType = "com.apple.product-type.application";
		};
		2183EC1C20FE2BB2002203D3 /* Fortnite DropperTests */ = {
			isa = PBXNativeTarget;
			buildConfigurationList = 2183EC3420FE2BB2002203D3 /* Build configuration list for PBXNativeTarget "Fortnite DropperTests" */;
			buildPhases = (
				EE1A48D1132936DBC44FA8DA /* [CP] Check Pods Manifest.lock */,
				2183EC1920FE2BB2002203D3 /* Sources */,
				2183EC1A20FE2BB2002203D3 /* Frameworks */,
				2183EC1B20FE2BB2002203D3 /* Resources */,
			);
			buildRules = (
			);
			dependencies = (
				2183EC1F20FE2BB2002203D3 /* PBXTargetDependency */,
			);
			name = "Fortnite DropperTests";
			productName = "Fortnite DropperTests";
			productReference = 2183EC1D20FE2BB2002203D3 /* Fortnite DropperTests.xctest */;
			productType = "com.apple.product-type.bundle.unit-test";
		};
		2183EC2720FE2BB2002203D3 /* Fortnite DropperUITests */ = {
			isa = PBXNativeTarget;
			buildConfigurationList = 2183EC3720FE2BB2002203D3 /* Build configuration list for PBXNativeTarget "Fortnite DropperUITests" */;
			buildPhases = (
				88D39952CEE1D30737F9FCBA /* [CP] Check Pods Manifest.lock */,
				2183EC2420FE2BB2002203D3 /* Sources */,
				2183EC2520FE2BB2002203D3 /* Frameworks */,
				2183EC2620FE2BB2002203D3 /* Resources */,
			);
			buildRules = (
			);
			dependencies = (
				2183EC2A20FE2BB2002203D3 /* PBXTargetDependency */,
			);
			name = "Fortnite DropperUITests";
			productName = "Fortnite DropperUITests";
			productReference = 2183EC2820FE2BB2002203D3 /* Fortnite DropperUITests.xctest */;
			productType = "com.apple.product-type.bundle.ui-testing";
		};
/* End PBXNativeTarget section */

/* Begin PBXProject section */
		2183EC0120FE2BA6002203D3 /* Project object */ = {
			isa = PBXProject;
			attributes = {
				LastSwiftUpdateCheck = 0930;
				LastUpgradeCheck = 0930;
				ORGANIZATIONNAME = "Aaron Treinish";
				TargetAttributes = {
					2183EC0820FE2BA6002203D3 = {
						CreatedOnToolsVersion = 9.3.1;
						SystemCapabilities = {
							com.apple.InAppPurchase = {
								enabled = 1;
							};
						};
					};
					2183EC1C20FE2BB2002203D3 = {
						CreatedOnToolsVersion = 9.3.1;
						TestTargetID = 2183EC0820FE2BA6002203D3;
					};
					2183EC2720FE2BB2002203D3 = {
						CreatedOnToolsVersion = 9.3.1;
						TestTargetID = 2183EC0820FE2BA6002203D3;
					};
				};
			};
			buildConfigurationList = 2183EC0420FE2BA6002203D3 /* Build configuration list for PBXProject "Fortnite Dropper" */;
			compatibilityVersion = "Xcode 9.3";
			developmentRegion = en;
			hasScannedForEncodings = 0;
			knownRegions = (
				en,
				Base,
			);
			mainGroup = 2183EC0020FE2BA6002203D3;
			productRefGroup = 2183EC0A20FE2BA6002203D3 /* Products */;
			projectDirPath = "";
			projectRoot = "";
			targets = (
				2183EC0820FE2BA6002203D3 /* Fortnite Dropper */,
				2183EC1C20FE2BB2002203D3 /* Fortnite DropperTests */,
				2183EC2720FE2BB2002203D3 /* Fortnite DropperUITests */,
			);
		};
/* End PBXProject section */

/* Begin PBXResourcesBuildPhase section */
		2183EC0720FE2BA6002203D3 /* Resources */ = {
			isa = PBXResourcesBuildPhase;
			buildActionMask = 2147483647;
			files = (
				2183EC1720FE2BB2002203D3 /* LaunchScreen.storyboard in Resources */,
				211A437422284573001C483A /* Assets 2.xcassets in Resources */,
				21DAA1132B0BB083002B1462 /* GoogleService-Info.plist in Resources */,
				2183EC3D20FF7AB6002203D3 /* Burbank Big Condensed Black.ttf in Resources */,
				211A437222284509001C483A /* Fortnite Bus Sound.mp3 in Resources */,
				2183EC1220FE2BA6002203D3 /* Main.storyboard in Resources */,
				211A4370222844C8001C483A /* Hang Glider Sound.mp3 in Resources */,
			);
			runOnlyForDeploymentPostprocessing = 0;
		};
		2183EC1B20FE2BB2002203D3 /* Resources */ = {
			isa = PBXResourcesBuildPhase;
			buildActionMask = 2147483647;
			files = (
			);
			runOnlyForDeploymentPostprocessing = 0;
		};
		2183EC2620FE2BB2002203D3 /* Resources */ = {
			isa = PBXResourcesBuildPhase;
			buildActionMask = 2147483647;
			files = (
			);
			runOnlyForDeploymentPostprocessing = 0;
		};
/* End PBXResourcesBuildPhase section */

/* Begin PBXShellScriptBuildPhase section */
		214CD62B224C402600F39A5C /* ShellScript */ = {
			isa = PBXShellScriptBuildPhase;
			buildActionMask = 2147483647;
			files = (
			);
			inputPaths = (
			);
			outputPaths = (
			);
			runOnlyForDeploymentPostprocessing = 0;
			shellPath = /bin/sh;
			shellScript = "\"${PODS_ROOT}/Fabric/run\" 0473ddb53703e6c4dc9b88f38dceb0cb1c9cb4ca ad6e7116dbfc98224ed51d47da3ce722f9366328d331137fec07d120e4a1fdab\n";
		};
		655E08A216AE54E30D8D9AA4 /* [CP] Check Pods Manifest.lock */ = {
			isa = PBXShellScriptBuildPhase;
			buildActionMask = 2147483647;
			files = (
			);
			inputPaths = (
				"${PODS_PODFILE_DIR_PATH}/Podfile.lock",
				"${PODS_ROOT}/Manifest.lock",
			);
			name = "[CP] Check Pods Manifest.lock";
			outputPaths = (
				"$(DERIVED_FILE_DIR)/Pods-Fortnite Dropper-checkManifestLockResult.txt",
			);
			runOnlyForDeploymentPostprocessing = 0;
			shellPath = /bin/sh;
			shellScript = "diff \"${PODS_PODFILE_DIR_PATH}/Podfile.lock\" \"${PODS_ROOT}/Manifest.lock\" > /dev/null\nif [ $? != 0 ] ; then\n    # print error to STDERR\n    echo \"error: The sandbox is not in sync with the Podfile.lock. Run 'pod install' or update your CocoaPods installation.\" >&2\n    exit 1\nfi\n# This output is used by Xcode 'outputs' to avoid re-running this script phase.\necho \"SUCCESS\" > \"${SCRIPT_OUTPUT_FILE_0}\"\n";
			showEnvVarsInLog = 0;
		};
		88D39952CEE1D30737F9FCBA /* [CP] Check Pods Manifest.lock */ = {
			isa = PBXShellScriptBuildPhase;
			buildActionMask = 2147483647;
			files = (
			);
			inputPaths = (
				"${PODS_PODFILE_DIR_PATH}/Podfile.lock",
				"${PODS_ROOT}/Manifest.lock",
			);
			name = "[CP] Check Pods Manifest.lock";
			outputPaths = (
				"$(DERIVED_FILE_DIR)/Pods-Fortnite DropperUITests-checkManifestLockResult.txt",
			);
			runOnlyForDeploymentPostprocessing = 0;
			shellPath = /bin/sh;
			shellScript = "diff \"${PODS_PODFILE_DIR_PATH}/Podfile.lock\" \"${PODS_ROOT}/Manifest.lock\" > /dev/null\nif [ $? != 0 ] ; then\n    # print error to STDERR\n    echo \"error: The sandbox is not in sync with the Podfile.lock. Run 'pod install' or update your CocoaPods installation.\" >&2\n    exit 1\nfi\n# This output is used by Xcode 'outputs' to avoid re-running this script phase.\necho \"SUCCESS\" > \"${SCRIPT_OUTPUT_FILE_0}\"\n";
			showEnvVarsInLog = 0;
		};
		DFFF4351D756812E1392BF1F /* [CP] Embed Pods Frameworks */ = {
			isa = PBXShellScriptBuildPhase;
			buildActionMask = 2147483647;
			files = (
			);
			inputFileListPaths = (
				"${PODS_ROOT}/Target Support Files/Pods-Fortnite Dropper/Pods-Fortnite Dropper-frameworks-${CONFIGURATION}-input-files.xcfilelist",
			);
			name = "[CP] Embed Pods Frameworks";
			outputFileListPaths = (
				"${PODS_ROOT}/Target Support Files/Pods-Fortnite Dropper/Pods-Fortnite Dropper-frameworks-${CONFIGURATION}-output-files.xcfilelist",
			);
			runOnlyForDeploymentPostprocessing = 0;
			shellPath = /bin/sh;
			shellScript = "\"${PODS_ROOT}/Target Support Files/Pods-Fortnite Dropper/Pods-Fortnite Dropper-frameworks.sh\"\n";
			showEnvVarsInLog = 0;
		};
		EE1A48D1132936DBC44FA8DA /* [CP] Check Pods Manifest.lock */ = {
			isa = PBXShellScriptBuildPhase;
			buildActionMask = 2147483647;
			files = (
			);
			inputPaths = (
				"${PODS_PODFILE_DIR_PATH}/Podfile.lock",
				"${PODS_ROOT}/Manifest.lock",
			);
			name = "[CP] Check Pods Manifest.lock";
			outputPaths = (
				"$(DERIVED_FILE_DIR)/Pods-Fortnite DropperTests-checkManifestLockResult.txt",
			);
			runOnlyForDeploymentPostprocessing = 0;
			shellPath = /bin/sh;
			shellScript = "diff \"${PODS_PODFILE_DIR_PATH}/Podfile.lock\" \"${PODS_ROOT}/Manifest.lock\" > /dev/null\nif [ $? != 0 ] ; then\n    # print error to STDERR\n    echo \"error: The sandbox is not in sync with the Podfile.lock. Run 'pod install' or update your CocoaPods installation.\" >&2\n    exit 1\nfi\n# This output is used by Xcode 'outputs' to avoid re-running this script phase.\necho \"SUCCESS\" > \"${SCRIPT_OUTPUT_FILE_0}\"\n";
			showEnvVarsInLog = 0;
		};
/* End PBXShellScriptBuildPhase section */

/* Begin PBXSourcesBuildPhase section */
		2183EC0520FE2BA6002203D3 /* Sources */ = {
			isa = PBXSourcesBuildPhase;
			buildActionMask = 2147483647;
			files = (
				2183EC0F20FE2BA6002203D3 /* ViewController.swift in Sources */,
				2183EC0D20FE2BA6002203D3 /* AppDelegate.swift in Sources */,
				2131939D29461C1600B3BCE9 /* SusbcribeView.swift in Sources */,
			);
			runOnlyForDeploymentPostprocessing = 0;
		};
		2183EC1920FE2BB2002203D3 /* Sources */ = {
			isa = PBXSourcesBuildPhase;
			buildActionMask = 2147483647;
			files = (
			);
			runOnlyForDeploymentPostprocessing = 0;
		};
		2183EC2420FE2BB2002203D3 /* Sources */ = {
			isa = PBXSourcesBuildPhase;
			buildActionMask = 2147483647;
			files = (
			);
			runOnlyForDeploymentPostprocessing = 0;
		};
/* End PBXSourcesBuildPhase section */

/* Begin PBXTargetDependency section */
		2183EC1F20FE2BB2002203D3 /* PBXTargetDependency */ = {
			isa = PBXTargetDependency;
			target = 2183EC0820FE2BA6002203D3 /* Fortnite Dropper */;
			targetProxy = 2183EC1E20FE2BB2002203D3 /* PBXContainerItemProxy */;
		};
		2183EC2A20FE2BB2002203D3 /* PBXTargetDependency */ = {
			isa = PBXTargetDependency;
			target = 2183EC0820FE2BA6002203D3 /* Fortnite Dropper */;
			targetProxy = 2183EC2920FE2BB2002203D3 /* PBXContainerItemProxy */;
		};
/* End PBXTargetDependency section */

/* Begin PBXVariantGroup section */
		2183EC1020FE2BA6002203D3 /* Main.storyboard */ = {
			isa = PBXVariantGroup;
			children = (
				2183EC1120FE2BA6002203D3 /* Base */,
			);
			name = Main.storyboard;
			sourceTree = "<group>";
		};
		2183EC1520FE2BB2002203D3 /* LaunchScreen.storyboard */ = {
			isa = PBXVariantGroup;
			children = (
				2183EC1620FE2BB2002203D3 /* Base */,
			);
			name = LaunchScreen.storyboard;
			sourceTree = "<group>";
		};
/* End PBXVariantGroup section */

/* Begin XCBuildConfiguration section */
		2183EC2F20FE2BB2002203D3 /* Debug */ = {
			isa = XCBuildConfiguration;
			buildSettings = {
				ALWAYS_SEARCH_USER_PATHS = NO;
				CLANG_ANALYZER_NONNULL = YES;
				CLANG_ANALYZER_NUMBER_OBJECT_CONVERSION = YES_AGGRESSIVE;
				CLANG_CXX_LANGUAGE_STANDARD = "gnu++14";
				CLANG_CXX_LIBRARY = "libc++";
				CLANG_ENABLE_MODULES = YES;
				CLANG_ENABLE_OBJC_ARC = YES;
				CLANG_ENABLE_OBJC_WEAK = YES;
				CLANG_WARN_BLOCK_CAPTURE_AUTORELEASING = YES;
				CLANG_WARN_BOOL_CONVERSION = YES;
				CLANG_WARN_COMMA = YES;
				CLANG_WARN_CONSTANT_CONVERSION = YES;
				CLANG_WARN_DEPRECATED_OBJC_IMPLEMENTATIONS = YES;
				CLANG_WARN_DIRECT_OBJC_ISA_USAGE = YES_ERROR;
				CLANG_WARN_DOCUMENTATION_COMMENTS = YES;
				CLANG_WARN_EMPTY_BODY = YES;
				CLANG_WARN_ENUM_CONVERSION = YES;
				CLANG_WARN_INFINITE_RECURSION = YES;
				CLANG_WARN_INT_CONVERSION = YES;
				CLANG_WARN_NON_LITERAL_NULL_CONVERSION = YES;
				CLANG_WARN_OBJC_IMPLICIT_RETAIN_SELF = YES;
				CLANG_WARN_OBJC_LITERAL_CONVERSION = YES;
				CLANG_WARN_OBJC_ROOT_CLASS = YES_ERROR;
				CLANG_WARN_RANGE_LOOP_ANALYSIS = YES;
				CLANG_WARN_STRICT_PROTOTYPES = YES;
				CLANG_WARN_SUSPICIOUS_MOVE = YES;
				CLANG_WARN_UNGUARDED_AVAILABILITY = YES_AGGRESSIVE;
				CLANG_WARN_UNREACHABLE_CODE = YES;
				CLANG_WARN__DUPLICATE_METHOD_MATCH = YES;
				CODE_SIGN_IDENTITY = "iPhone Developer";
				COPY_PHASE_STRIP = NO;
				DEBUG_INFORMATION_FORMAT = dwarf;
				ENABLE_STRICT_OBJC_MSGSEND = YES;
				ENABLE_TESTABILITY = YES;
				GCC_C_LANGUAGE_STANDARD = gnu11;
				GCC_DYNAMIC_NO_PIC = NO;
				GCC_NO_COMMON_BLOCKS = YES;
				GCC_OPTIMIZATION_LEVEL = 0;
				GCC_PREPROCESSOR_DEFINITIONS = (
					"DEBUG=1",
					"$(inherited)",
				);
				GCC_WARN_64_TO_32_BIT_CONVERSION = YES;
				GCC_WARN_ABOUT_RETURN_TYPE = YES_ERROR;
				GCC_WARN_UNDECLARED_SELECTOR = YES;
				GCC_WARN_UNINITIALIZED_AUTOS = YES_AGGRESSIVE;
				GCC_WARN_UNUSED_FUNCTION = YES;
				GCC_WARN_UNUSED_VARIABLE = YES;
				IPHONEOS_DEPLOYMENT_TARGET = 11.3;
				MTL_ENABLE_DEBUG_INFO = YES;
				ONLY_ACTIVE_ARCH = YES;
				SDKROOT = iphoneos;
				SWIFT_ACTIVE_COMPILATION_CONDITIONS = DEBUG;
				SWIFT_OPTIMIZATION_LEVEL = "-Onone";
			};
			name = Debug;
		};
		2183EC3020FE2BB2002203D3 /* Release */ = {
			isa = XCBuildConfiguration;
			buildSettings = {
				ALWAYS_SEARCH_USER_PATHS = NO;
				CLANG_ANALYZER_NONNULL = YES;
				CLANG_ANALYZER_NUMBER_OBJECT_CONVERSION = YES_AGGRESSIVE;
				CLANG_CXX_LANGUAGE_STANDARD = "gnu++14";
				CLANG_CXX_LIBRARY = "libc++";
				CLANG_ENABLE_MODULES = YES;
				CLANG_ENABLE_OBJC_ARC = YES;
				CLANG_ENABLE_OBJC_WEAK = YES;
				CLANG_WARN_BLOCK_CAPTURE_AUTORELEASING = YES;
				CLANG_WARN_BOOL_CONVERSION = YES;
				CLANG_WARN_COMMA = YES;
				CLANG_WARN_CONSTANT_CONVERSION = YES;
				CLANG_WARN_DEPRECATED_OBJC_IMPLEMENTATIONS = YES;
				CLANG_WARN_DIRECT_OBJC_ISA_USAGE = YES_ERROR;
				CLANG_WARN_DOCUMENTATION_COMMENTS = YES;
				CLANG_WARN_EMPTY_BODY = YES;
				CLANG_WARN_ENUM_CONVERSION = YES;
				CLANG_WARN_INFINITE_RECURSION = YES;
				CLANG_WARN_INT_CONVERSION = YES;
				CLANG_WARN_NON_LITERAL_NULL_CONVERSION = YES;
				CLANG_WARN_OBJC_IMPLICIT_RETAIN_SELF = YES;
				CLANG_WARN_OBJC_LITERAL_CONVERSION = YES;
				CLANG_WARN_OBJC_ROOT_CLASS = YES_ERROR;
				CLANG_WARN_RANGE_LOOP_ANALYSIS = YES;
				CLANG_WARN_STRICT_PROTOTYPES = YES;
				CLANG_WARN_SUSPICIOUS_MOVE = YES;
				CLANG_WARN_UNGUARDED_AVAILABILITY = YES_AGGRESSIVE;
				CLANG_WARN_UNREACHABLE_CODE = YES;
				CLANG_WARN__DUPLICATE_METHOD_MATCH = YES;
				CODE_SIGN_IDENTITY = "iPhone Developer";
				COPY_PHASE_STRIP = NO;
				DEBUG_INFORMATION_FORMAT = "dwarf-with-dsym";
				ENABLE_NS_ASSERTIONS = NO;
				ENABLE_STRICT_OBJC_MSGSEND = YES;
				GCC_C_LANGUAGE_STANDARD = gnu11;
				GCC_NO_COMMON_BLOCKS = YES;
				GCC_WARN_64_TO_32_BIT_CONVERSION = YES;
				GCC_WARN_ABOUT_RETURN_TYPE = YES_ERROR;
				GCC_WARN_UNDECLARED_SELECTOR = YES;
				GCC_WARN_UNINITIALIZED_AUTOS = YES_AGGRESSIVE;
				GCC_WARN_UNUSED_FUNCTION = YES;
				GCC_WARN_UNUSED_VARIABLE = YES;
				IPHONEOS_DEPLOYMENT_TARGET = 11.3;
				MTL_ENABLE_DEBUG_INFO = NO;
				SDKROOT = iphoneos;
				SWIFT_COMPILATION_MODE = wholemodule;
				SWIFT_OPTIMIZATION_LEVEL = "-O";
				VALIDATE_PRODUCT = YES;
			};
			name = Release;
		};
		2183EC3220FE2BB2002203D3 /* Debug */ = {
			isa = XCBuildConfiguration;
			baseConfigurationReference = 12622EEDB8B7E1B7A119C7A7 /* Pods-Fortnite Dropper.debug.xcconfig */;
			buildSettings = {
				ASSETCATALOG_COMPILER_APPICON_NAME = AppIcon;
				CODE_SIGN_STYLE = Automatic;
				CURRENT_PROJECT_VERSION = 1;
				DEVELOPMENT_TEAM = NP8854APR4;
				INFOPLIST_FILE = "Fortnite Dropper/Info.plist";
				IPHONEOS_DEPLOYMENT_TARGET = 14.0;
				LD_RUNPATH_SEARCH_PATHS = (
					"$(inherited)",
					"@executable_path/Frameworks",
				);
				MARKETING_VERSION = 8.0;
				PRODUCT_BUNDLE_IDENTIFIER = "com.AaronTreinish.Fortnite-Dropper";
				PRODUCT_NAME = "$(TARGET_NAME)";
				SWIFT_VERSION = 4.0;
				TARGETED_DEVICE_FAMILY = "1,2";
			};
			name = Debug;
		};
		2183EC3320FE2BB2002203D3 /* Release */ = {
			isa = XCBuildConfiguration;
			baseConfigurationReference = 87E54B4F845FC7C1E23BDBCA /* Pods-Fortnite Dropper.release.xcconfig */;
			buildSettings = {
				ASSETCATALOG_COMPILER_APPICON_NAME = AppIcon;
				CODE_SIGN_STYLE = Automatic;
				CURRENT_PROJECT_VERSION = 1;
				DEVELOPMENT_TEAM = NP8854APR4;
				INFOPLIST_FILE = "Fortnite Dropper/Info.plist";
				IPHONEOS_DEPLOYMENT_TARGET = 14.0;
				LD_RUNPATH_SEARCH_PATHS = (
					"$(inherited)",
					"@executable_path/Frameworks",
				);
				MARKETING_VERSION = 8.0;
				PRODUCT_BUNDLE_IDENTIFIER = "com.AaronTreinish.Fortnite-Dropper";
				PRODUCT_NAME = "$(TARGET_NAME)";
				SWIFT_VERSION = 4.0;
				TARGETED_DEVICE_FAMILY = "1,2";
			};
			name = Release;
		};
		2183EC3520FE2BB2002203D3 /* Debug */ = {
			isa = XCBuildConfiguration;
			baseConfigurationReference = C5B4737F07D65E8A060A296B /* Pods-Fortnite DropperTests.debug.xcconfig */;
			buildSettings = {
				ALWAYS_EMBED_SWIFT_STANDARD_LIBRARIES = YES;
				BUNDLE_LOADER = "$(TEST_HOST)";
				CODE_SIGN_STYLE = Automatic;
				INFOPLIST_FILE = "Fortnite DropperTests/Info.plist";
				LD_RUNPATH_SEARCH_PATHS = (
					"$(inherited)",
					"@executable_path/Frameworks",
					"@loader_path/Frameworks",
				);
				PRODUCT_BUNDLE_IDENTIFIER = "com.AaronTreinish.Fortnite-DropperTests";
				PRODUCT_NAME = "$(TARGET_NAME)";
				SWIFT_VERSION = 4.0;
				TARGETED_DEVICE_FAMILY = "1,2";
				TEST_HOST = "$(BUILT_PRODUCTS_DIR)/Fortnite Dropper.app/Fortnite Dropper";
			};
			name = Debug;
		};
		2183EC3620FE2BB2002203D3 /* Release */ = {
			isa = XCBuildConfiguration;
			baseConfigurationReference = 4EE879936829B2E2B0C1B60A /* Pods-Fortnite DropperTests.release.xcconfig */;
			buildSettings = {
				ALWAYS_EMBED_SWIFT_STANDARD_LIBRARIES = YES;
				BUNDLE_LOADER = "$(TEST_HOST)";
				CODE_SIGN_STYLE = Automatic;
				INFOPLIST_FILE = "Fortnite DropperTests/Info.plist";
				LD_RUNPATH_SEARCH_PATHS = (
					"$(inherited)",
					"@executable_path/Frameworks",
					"@loader_path/Frameworks",
				);
				PRODUCT_BUNDLE_IDENTIFIER = "com.AaronTreinish.Fortnite-DropperTests";
				PRODUCT_NAME = "$(TARGET_NAME)";
				SWIFT_VERSION = 4.0;
				TARGETED_DEVICE_FAMILY = "1,2";
				TEST_HOST = "$(BUILT_PRODUCTS_DIR)/Fortnite Dropper.app/Fortnite Dropper";
			};
			name = Release;
		};
		2183EC3820FE2BB2002203D3 /* Debug */ = {
			isa = XCBuildConfiguration;
			baseConfigurationReference = 75E8B643133087016E752B45 /* Pods-Fortnite DropperUITests.debug.xcconfig */;
			buildSettings = {
				ALWAYS_EMBED_SWIFT_STANDARD_LIBRARIES = YES;
				CODE_SIGN_STYLE = Automatic;
				INFOPLIST_FILE = "Fortnite DropperUITests/Info.plist";
				LD_RUNPATH_SEARCH_PATHS = (
					"$(inherited)",
					"@executable_path/Frameworks",
					"@loader_path/Frameworks",
				);
				PRODUCT_BUNDLE_IDENTIFIER = "com.AaronTreinish.Fortnite-DropperUITests";
				PRODUCT_NAME = "$(TARGET_NAME)";
				SWIFT_VERSION = 4.0;
				TARGETED_DEVICE_FAMILY = "1,2";
				TEST_TARGET_NAME = "Fortnite Dropper";
			};
			name = Debug;
		};
		2183EC3920FE2BB2002203D3 /* Release */ = {
			isa = XCBuildConfiguration;
			baseConfigurationReference = F7984202CC865E60CC742CA3 /* Pods-Fortnite DropperUITests.release.xcconfig */;
			buildSettings = {
				ALWAYS_EMBED_SWIFT_STANDARD_LIBRARIES = YES;
				CODE_SIGN_STYLE = Automatic;
				INFOPLIST_FILE = "Fortnite DropperUITests/Info.plist";
				LD_RUNPATH_SEARCH_PATHS = (
					"$(inherited)",
					"@executable_path/Frameworks",
					"@loader_path/Frameworks",
				);
				PRODUCT_BUNDLE_IDENTIFIER = "com.AaronTreinish.Fortnite-DropperUITests";
				PRODUCT_NAME = "$(TARGET_NAME)";
				SWIFT_VERSION = 4.0;
				TARGETED_DEVICE_FAMILY = "1,2";
				TEST_TARGET_NAME = "Fortnite Dropper";
			};
			name = Release;
		};
/* End XCBuildConfiguration section */

/* Begin XCConfigurationList section */
		2183EC0420FE2BA6002203D3 /* Build configuration list for PBXProject "Fortnite Dropper" */ = {
			isa = XCConfigurationList;
			buildConfigurations = (
				2183EC2F20FE2BB2002203D3 /* Debug */,
				2183EC3020FE2BB2002203D3 /* Release */,
			);
			defaultConfigurationIsVisible = 0;
			defaultConfigurationName = Release;
		};
		2183EC3120FE2BB2002203D3 /* Build configuration list for PBXNativeTarget "Fortnite Dropper" */ = {
			isa = XCConfigurationList;
			buildConfigurations = (
				2183EC3220FE2BB2002203D3 /* Debug */,
				2183EC3320FE2BB2002203D3 /* Release */,
			);
			defaultConfigurationIsVisible = 0;
			defaultConfigurationName = Release;
		};
		2183EC3420FE2BB2002203D3 /* Build configuration list for PBXNativeTarget "Fortnite DropperTests" */ = {
			isa = XCConfigurationList;
			buildConfigurations = (
				2183EC3520FE2BB2002203D3 /* Debug */,
				2183EC3620FE2BB2002203D3 /* Release */,
			);
			defaultConfigurationIsVisible = 0;
			defaultConfigurationName = Release;
		};
		2183EC3720FE2BB2002203D3 /* Build configuration list for PBXNativeTarget "Fortnite DropperUITests" */ = {
			isa = XCConfigurationList;
			buildConfigurations = (
				2183EC3820FE2BB2002203D3 /* Debug */,
				2183EC3920FE2BB2002203D3 /* Release */,
			);
			defaultConfigurationIsVisible = 0;
			defaultConfigurationName = Release;
		};
/* End XCConfigurationList section */
	};
	rootObject = 2183EC0120FE2BA6002203D3 /* Project object */;
}
