// !$*UTF8*$!
{
	archiveVersion = 1;
	classes = {
	};
	objectVersion = 54;
	objects = {

/* Begin PBXBuildFile section */
		211A4370222844C8001C483A /* Hang Glider Sound.mp3 in Resources */ = {isa = PBXBuildFile; fileRef = 211A436F222844C8001C483A /* Hang Glider Sound.mp3 */; };
		211A437222284509001C483A /* Fortnite Bus Sound.mp3 in Resources */ = {isa = PBXBuildFile; fileRef = 211A437122284508001C483A /* Fortnite Bus Sound.mp3 */; };
		211A437422284573001C483A /* Assets 2.xcassets in Resources */ = {isa = PBXBuildFile; fileRef = 211A437322284573001C483A /* Assets 2.xcassets */; };
		2131939D29461C1600B3BCE9 /* SusbcribeView.swift in Sources */ = {isa = PBXBuildFile; fileRef = 2131939C29461C1600B3BCE9 /* SusbcribeView.swift */; };
		214885A52E033B7600466564 /* StatsTabView.swift in Sources */ = {isa = PBXBuildFile; fileRef = 214885A42E033B7600466564 /* StatsTabView.swift */; };
		214885A72E033B8400466564 /* FortniteStatsResponse.swift in Sources */ = {isa = PBXBuildFile; fileRef = 214885A62E033B8400466564 /* FortniteStatsResponse.swift */; };
		214885A92E03417600466564 /* ShopTabView.swift in Sources */ = {isa = PBXBuildFile; fileRef = 214885A82E03417600466564 /* ShopTabView.swift */; };
		214885AB2E03417D00466564 /* ShopResponse.swift in Sources */ = {isa = PBXBuildFile; fileRef = 214885AA2E03417D00466564 /* ShopResponse.swift */; };
		214885AE2E0349EA00466564 /* SDWebImageSwiftUI in Frameworks */ = {isa = PBXBuildFile; productRef = 214885AD2E0349EA00466564 /* SDWebImageSwiftUI */; };
		214885B02E03649200466564 /* FortniteShopView.swift in Sources */ = {isa = PBXBuildFile; fileRef = 214885AF2E03649200466564 /* FortniteShopView.swift */; };
		214DE3E2217BBBAC006795D6 /* WebKit.framework in Frameworks */ = {isa = PBXBuildFile; fileRef = 214DE3E1217BBBAC006795D6 /* WebKit.framework */; };
		2183EC0D20FE2BA6002203D3 /* AppDelegate.swift in Sources */ = {isa = PBXBuildFile; fileRef = 2183EC0C20FE2BA6002203D3 /* AppDelegate.swift */; };
		2183EC0F20FE2BA6002203D3 /* ViewController.swift in Sources */ = {isa = PBXBuildFile; fileRef = 2183EC0E20FE2BA6002203D3 /* ViewController.swift */; };
		2183EC1720FE2BB2002203D3 /* LaunchScreen.storyboard in Resources */ = {isa = PBXBuildFile; fileRef = 2183EC1520FE2BB2002203D3 /* LaunchScreen.storyboard */; };
		2183EC3D20FF7AB6002203D3 /* Burbank Big Condensed Black.ttf in Resources */ = {isa = PBXBuildFile; fileRef = 2183EC3C20FF7A61002203D3 /* Burbank Big Condensed Black.ttf */; };
		21ADA6AA2DBC14EA00B51D01 /* RevenueCat in Frameworks */ = {isa = PBXBuildFile; productRef = 21ADA6A92DBC14EA00B51D01 /* RevenueCat */; };
		21ADA6AC2DBC14EA00B51D01 /* RevenueCatUI in Frameworks */ = {isa = PBXBuildFile; productRef = 21ADA6AB2DBC14EA00B51D01 /* RevenueCatUI */; };
		21ADA6AF2DBC153200B51D01 /* FirebaseAnalytics in Frameworks */ = {isa = PBXBuildFile; productRef = 21ADA6AE2DBC153200B51D01 /* FirebaseAnalytics */; };
		21ADA6B12DBC153200B51D01 /* FirebaseCore in Frameworks */ = {isa = PBXBuildFile; productRef = 21ADA6B02DBC153200B51D01 /* FirebaseCore */; };
		21ADA6B32DBC153200B51D01 /* FirebaseCrashlytics in Frameworks */ = {isa = PBXBuildFile; productRef = 21ADA6B22DBC153200B51D01 /* FirebaseCrashlytics */; };
		21ADA6B52DBC153200B51D01 /* FirebaseDatabase in Frameworks */ = {isa = PBXBuildFile; productRef = 21ADA6B42DBC153200B51D01 /* FirebaseDatabase */; };
		21ADA6B72DBC153200B51D01 /* FirebaseDynamicLinks in Frameworks */ = {isa = PBXBuildFile; productRef = 21ADA6B62DBC153200B51D01 /* FirebaseDynamicLinks */; };
		21ADA6B92DBC153200B51D01 /* FirebaseFirestore in Frameworks */ = {isa = PBXBuildFile; productRef = 21ADA6B82DBC153200B51D01 /* FirebaseFirestore */; };
		21ADA6BB2DBC153200B51D01 /* FirebaseFirestoreCombine-Community in Frameworks */ = {isa = PBXBuildFile; productRef = 21ADA6BA2DBC153200B51D01 /* FirebaseFirestoreCombine-Community */; };
		21ADA6BD2DBC153200B51D01 /* FirebaseFunctions in Frameworks */ = {isa = PBXBuildFile; productRef = 21ADA6BC2DBC153200B51D01 /* FirebaseFunctions */; };
		21ADA6BF2DBC153200B51D01 /* FirebaseRemoteConfig in Frameworks */ = {isa = PBXBuildFile; productRef = 21ADA6BE2DBC153200B51D01 /* FirebaseRemoteConfig */; };
		21ADA6C12DBC153200B51D01 /* FirebaseStorage in Frameworks */ = {isa = PBXBuildFile; productRef = 21ADA6C02DBC153200B51D01 /* FirebaseStorage */; };
		21ADA6C32DBC153200B51D01 /* FirebaseStorageCombine-Community in Frameworks */ = {isa = PBXBuildFile; productRef = 21ADA6C22DBC153200B51D01 /* FirebaseStorageCombine-Community */; };
		21DAA1132B0BB083002B1462 /* GoogleService-Info.plist in Resources */ = {isa = PBXBuildFile; fileRef = 21DAA1122B0BB083002B1462 /* GoogleService-Info.plist */; };
		21F265A7226CC987001A8B1A /* StoreKit.framework in Frameworks */ = {isa = PBXBuildFile; fileRef = 21F265A6226CC987001A8B1A /* StoreKit.framework */; };
		21FE6D212E03202400437A2F /* MainScreen.swift in Sources */ = {isa = PBXBuildFile; fileRef = 21FE6D202E03202400437A2F /* MainScreen.swift */; };
		21FE6D232E03208200437A2F /* FortniteDropperApp.swift in Sources */ = {isa = PBXBuildFile; fileRef = 21FE6D222E03208200437A2F /* FortniteDropperApp.swift */; };
		21FE6D252E0320A000437A2F /* Constants.swift in Sources */ = {isa = PBXBuildFile; fileRef = 21FE6D242E0320A000437A2F /* Constants.swift */; };
		21FE6D272E03316A00437A2F /* MainTabView.swift in Sources */ = {isa = PBXBuildFile; fileRef = 21FE6D262E03316A00437A2F /* MainTabView.swift */; };
		21FE6D292E03317600437A2F /* MapView.swift in Sources */ = {isa = PBXBuildFile; fileRef = 21FE6D282E03317600437A2F /* MapView.swift */; };
		21FE6D2B2E03318900437A2F /* FortniteMapResponse.swift in Sources */ = {isa = PBXBuildFile; fileRef = 21FE6D2A2E03318900437A2F /* FortniteMapResponse.swift */; };
		21FE6D2E2E03322200437A2F /* Zoomable in Frameworks */ = {isa = PBXBuildFile; productRef = 21FE6D2D2E03322200437A2F /* Zoomable */; };
/* End PBXBuildFile section */

/* Begin PBXContainerItemProxy section */
		2183EC1E20FE2BB2002203D3 /* PBXContainerItemProxy */ = {
			isa = PBXContainerItemProxy;
			containerPortal = 2183EC0120FE2BA6002203D3 /* Project object */;
			proxyType = 1;
			remoteGlobalIDString = 2183EC0820FE2BA6002203D3;
			remoteInfo = "Fortnite Dropper";
		};
		2183EC2920FE2BB2002203D3 /* PBXContainerItemProxy */ = {
			isa = PBXContainerItemProxy;
			containerPortal = 2183EC0120FE2BA6002203D3 /* Project object */;
			proxyType = 1;
			remoteGlobalIDString = 2183EC0820FE2BA6002203D3;
			remoteInfo = "Fortnite Dropper";
		};
/* End PBXContainerItemProxy section */

/* Begin PBXFileReference section */
		211A436F222844C8001C483A /* Hang Glider Sound.mp3 */ = {isa = PBXFileReference; lastKnownFileType = audio.mp3; path = "Hang Glider Sound.mp3"; sourceTree = "<group>"; };
		211A437122284508001C483A /* Fortnite Bus Sound.mp3 */ = {isa = PBXFileReference; lastKnownFileType = audio.mp3; path = "Fortnite Bus Sound.mp3"; sourceTree = "<group>"; };
		211A437322284573001C483A /* Assets 2.xcassets */ = {isa = PBXFileReference; lastKnownFileType = folder.assetcatalog; path = "Assets 2.xcassets"; sourceTree = "<group>"; };
		2131939C29461C1600B3BCE9 /* SusbcribeView.swift */ = {isa = PBXFileReference; lastKnownFileType = sourcecode.swift; path = SusbcribeView.swift; sourceTree = "<group>"; };
		214885A42E033B7600466564 /* StatsTabView.swift */ = {isa = PBXFileReference; lastKnownFileType = sourcecode.swift; path = StatsTabView.swift; sourceTree = "<group>"; };
		214885A62E033B8400466564 /* FortniteStatsResponse.swift */ = {isa = PBXFileReference; lastKnownFileType = sourcecode.swift; path = FortniteStatsResponse.swift; sourceTree = "<group>"; };
		214885A82E03417600466564 /* ShopTabView.swift */ = {isa = PBXFileReference; lastKnownFileType = sourcecode.swift; path = ShopTabView.swift; sourceTree = "<group>"; };
		214885AA2E03417D00466564 /* ShopResponse.swift */ = {isa = PBXFileReference; lastKnownFileType = sourcecode.swift; path = ShopResponse.swift; sourceTree = "<group>"; };
		214885AF2E03649200466564 /* FortniteShopView.swift */ = {isa = PBXFileReference; lastKnownFileType = sourcecode.swift; path = FortniteShopView.swift; sourceTree = "<group>"; };
		214DE3E1217BBBAC006795D6 /* WebKit.framework */ = {isa = PBXFileReference; lastKnownFileType = wrapper.framework; name = WebKit.framework; path = System/Library/Frameworks/WebKit.framework; sourceTree = SDKROOT; };
		2183EC0920FE2BA6002203D3 /* Fortnite Dropper.app */ = {isa = PBXFileReference; explicitFileType = wrapper.application; includeInIndex = 0; path = "Fortnite Dropper.app"; sourceTree = BUILT_PRODUCTS_DIR; };
		2183EC0C20FE2BA6002203D3 /* AppDelegate.swift */ = {isa = PBXFileReference; lastKnownFileType = sourcecode.swift; path = AppDelegate.swift; sourceTree = "<group>"; };
		2183EC0E20FE2BA6002203D3 /* ViewController.swift */ = {isa = PBXFileReference; lastKnownFileType = sourcecode.swift; path = ViewController.swift; sourceTree = "<group>"; };
		2183EC1620FE2BB2002203D3 /* Base */ = {isa = PBXFileReference; lastKnownFileType = file.storyboard; name = Base; path = Base.lproj/LaunchScreen.storyboard; sourceTree = "<group>"; };
		2183EC1820FE2BB2002203D3 /* Info.plist */ = {isa = PBXFileReference; lastKnownFileType = text.plist.xml; path = Info.plist; sourceTree = "<group>"; };
		2183EC3C20FF7A61002203D3 /* Burbank Big Condensed Black.ttf */ = {isa = PBXFileReference; lastKnownFileType = file; path = "Burbank Big Condensed Black.ttf"; sourceTree = "<group>"; };
		21B54F8E2DBC2666006CD887 /* Fortnite DropperTests.xctest */ = {isa = PBXFileReference; explicitFileType = wrapper.cfbundle; includeInIndex = 0; path = "Fortnite DropperTests.xctest"; sourceTree = BUILT_PRODUCTS_DIR; };
		21B54F8F2DBC2666006CD887 /* Fortnite DropperUITests.xctest */ = {isa = PBXFileReference; explicitFileType = wrapper.cfbundle; includeInIndex = 0; path = "Fortnite DropperUITests.xctest"; sourceTree = BUILT_PRODUCTS_DIR; };
		21DAA1122B0BB083002B1462 /* GoogleService-Info.plist */ = {isa = PBXFileReference; fileEncoding = 4; lastKnownFileType = text.plist.xml; path = "GoogleService-Info.plist"; sourceTree = "<group>"; };
		21F265A6226CC987001A8B1A /* StoreKit.framework */ = {isa = PBXFileReference; lastKnownFileType = wrapper.framework; name = StoreKit.framework; path = System/Library/Frameworks/StoreKit.framework; sourceTree = SDKROOT; };
		21FE6D202E03202400437A2F /* MainScreen.swift */ = {isa = PBXFileReference; lastKnownFileType = sourcecode.swift; path = MainScreen.swift; sourceTree = "<group>"; };
		21FE6D222E03208200437A2F /* FortniteDropperApp.swift */ = {isa = PBXFileReference; lastKnownFileType = sourcecode.swift; path = FortniteDropperApp.swift; sourceTree = "<group>"; };
		21FE6D242E0320A000437A2F /* Constants.swift */ = {isa = PBXFileReference; lastKnownFileType = sourcecode.swift; path = Constants.swift; sourceTree = "<group>"; };
		21FE6D262E03316A00437A2F /* MainTabView.swift */ = {isa = PBXFileReference; lastKnownFileType = sourcecode.swift; path = MainTabView.swift; sourceTree = "<group>"; };
		21FE6D282E03317600437A2F /* MapView.swift */ = {isa = PBXFileReference; lastKnownFileType = sourcecode.swift; path = MapView.swift; sourceTree = "<group>"; };
		21FE6D2A2E03318900437A2F /* FortniteMapResponse.swift */ = {isa = PBXFileReference; lastKnownFileType = sourcecode.swift; path = FortniteMapResponse.swift; sourceTree = "<group>"; };
/* End PBXFileReference section */

/* Begin PBXFrameworksBuildPhase section */
		2183EC0620FE2BA6002203D3 /* Frameworks */ = {
			isa = PBXFrameworksBuildPhase;
			buildActionMask = 2147483647;
			files = (
				21ADA6AA2DBC14EA00B51D01 /* RevenueCat in Frameworks */,
				21FE6D2E2E03322200437A2F /* Zoomable in Frameworks */,
				21F265A7226CC987001A8B1A /* StoreKit.framework in Frameworks */,
				21ADA6AF2DBC153200B51D01 /* FirebaseAnalytics in Frameworks */,
				214885AE2E0349EA00466564 /* SDWebImageSwiftUI in Frameworks */,
				21ADA6BF2DBC153200B51D01 /* FirebaseRemoteConfig in Frameworks */,
				214DE3E2217BBBAC006795D6 /* WebKit.framework in Frameworks */,
				21ADA6B12DBC153200B51D01 /* FirebaseCore in Frameworks */,
				21ADA6B32DBC153200B51D01 /* FirebaseCrashlytics in Frameworks */,
				21ADA6B52DBC153200B51D01 /* FirebaseDatabase in Frameworks */,
				21ADA6C12DBC153200B51D01 /* FirebaseStorage in Frameworks */,
				21ADA6AC2DBC14EA00B51D01 /* RevenueCatUI in Frameworks */,
				21ADA6C32DBC153200B51D01 /* FirebaseStorageCombine-Community in Frameworks */,
				21ADA6BD2DBC153200B51D01 /* FirebaseFunctions in Frameworks */,
				21ADA6BB2DBC153200B51D01 /* FirebaseFirestoreCombine-Community in Frameworks */,
				21ADA6B92DBC153200B51D01 /* FirebaseFirestore in Frameworks */,
				21ADA6B72DBC153200B51D01 /* FirebaseDynamicLinks in Frameworks */,
			);
			runOnlyForDeploymentPostprocessing = 0;
		};
		2183EC1A20FE2BB2002203D3 /* Frameworks */ = {
			isa = PBXFrameworksBuildPhase;
			buildActionMask = 2147483647;
			files = (
			);
			runOnlyForDeploymentPostprocessing = 0;
		};
		2183EC2520FE2BB2002203D3 /* Frameworks */ = {
			isa = PBXFrameworksBuildPhase;
			buildActionMask = 2147483647;
			files = (
			);
			runOnlyForDeploymentPostprocessing = 0;
		};
/* End PBXFrameworksBuildPhase section */

/* Begin PBXGroup section */
		2183EC0020FE2BA6002203D3 = {
			isa = PBXGroup;
			children = (
				2183EC0B20FE2BA6002203D3 /* Fortnite Dropper */,
				2183EC0A20FE2BA6002203D3 /* Products */,
				2C146443A94A49FE9BA8C660 /* Frameworks */,
			);
			sourceTree = "<group>";
		};
		2183EC0A20FE2BA6002203D3 /* Products */ = {
			isa = PBXGroup;
			children = (
				2183EC0920FE2BA6002203D3 /* Fortnite Dropper.app */,
				21B54F8E2DBC2666006CD887 /* Fortnite DropperTests.xctest */,
				21B54F8F2DBC2666006CD887 /* Fortnite DropperUITests.xctest */,
			);
			name = Products;
			sourceTree = "<group>";
		};
		2183EC0B20FE2BA6002203D3 /* Fortnite Dropper */ = {
			isa = PBXGroup;
			children = (
				2183EC0C20FE2BA6002203D3 /* AppDelegate.swift */,
				21FE6D242E0320A000437A2F /* Constants.swift */,
				2183EC0E20FE2BA6002203D3 /* ViewController.swift */,
				21FE6D202E03202400437A2F /* MainScreen.swift */,
				214885A42E033B7600466564 /* StatsTabView.swift */,
				214885A62E033B8400466564 /* FortniteStatsResponse.swift */,
				21FE6D2A2E03318900437A2F /* FortniteMapResponse.swift */,
				21FE6D282E03317600437A2F /* MapView.swift */,
				214885A82E03417600466564 /* ShopTabView.swift */,
				214885AA2E03417D00466564 /* ShopResponse.swift */,
				214885AF2E03649200466564 /* FortniteShopView.swift */,
				21FE6D262E03316A00437A2F /* MainTabView.swift */,
				21FE6D222E03208200437A2F /* FortniteDropperApp.swift */,
				211A437322284573001C483A /* Assets 2.xcassets */,
				2183EC1520FE2BB2002203D3 /* LaunchScreen.storyboard */,
				2183EC1820FE2BB2002203D3 /* Info.plist */,
				2183EC3C20FF7A61002203D3 /* Burbank Big Condensed Black.ttf */,
				211A436F222844C8001C483A /* Hang Glider Sound.mp3 */,
				211A437122284508001C483A /* Fortnite Bus Sound.mp3 */,
				2131939C29461C1600B3BCE9 /* SusbcribeView.swift */,
				21DAA1122B0BB083002B1462 /* GoogleService-Info.plist */,
			);
			path = "Fortnite Dropper";
			sourceTree = "<group>";
		};
		2C146443A94A49FE9BA8C660 /* Frameworks */ = {
			isa = PBXGroup;
			children = (
				21F265A6226CC987001A8B1A /* StoreKit.framework */,
				214DE3E1217BBBAC006795D6 /* WebKit.framework */,
			);
			name = Frameworks;
			sourceTree = "<group>";
		};
/* End PBXGroup section */

/* Begin PBXNativeTarget section */
		2183EC0820FE2BA6002203D3 /* Fortnite Dropper */ = {
			isa = PBXNativeTarget;
			buildConfigurationList = 2183EC3120FE2BB2002203D3 /* Build configuration list for PBXNativeTarget "Fortnite Dropper" */;
			buildPhases = (
				2183EC0520FE2BA6002203D3 /* Sources */,
				2183EC0620FE2BA6002203D3 /* Frameworks */,
				2183EC0720FE2BA6002203D3 /* Resources */,
			);
			buildRules = (
			);
			dependencies = (
			);
			name = "Fortnite Dropper";
			productName = "Fortnite Dropper";
			productReference = 2183EC0920FE2BA6002203D3 /* Fortnite Dropper.app */;
			productType = "com.apple.product-type.application";
		};
		2183EC1C20FE2BB2002203D3 /* Fortnite DropperTests */ = {
			isa = PBXNativeTarget;
			buildConfigurationList = 2183EC3420FE2BB2002203D3 /* Build configuration list for PBXNativeTarget "Fortnite DropperTests" */;
			buildPhases = (
				2183EC1920FE2BB2002203D3 /* Sources */,
				2183EC1A20FE2BB2002203D3 /* Frameworks */,
				2183EC1B20FE2BB2002203D3 /* Resources */,
			);
			buildRules = (
			);
			dependencies = (
				2183EC1F20FE2BB2002203D3 /* PBXTargetDependency */,
			);
			name = "Fortnite DropperTests";
			productName = "Fortnite DropperTests";
			productReference = 21B54F8E2DBC2666006CD887 /* Fortnite DropperTests.xctest */;
			productType = "com.apple.product-type.bundle.unit-test";
		};
		2183EC2720FE2BB2002203D3 /* Fortnite DropperUITests */ = {
			isa = PBXNativeTarget;
			buildConfigurationList = 2183EC3720FE2BB2002203D3 /* Build configuration list for PBXNativeTarget "Fortnite DropperUITests" */;
			buildPhases = (
				2183EC2420FE2BB2002203D3 /* Sources */,
				2183EC2520FE2BB2002203D3 /* Frameworks */,
				2183EC2620FE2BB2002203D3 /* Resources */,
			);
			buildRules = (
			);
			dependencies = (
				2183EC2A20FE2BB2002203D3 /* PBXTargetDependency */,
			);
			name = "Fortnite DropperUITests";
			productName = "Fortnite DropperUITests";
			productReference = 21B54F8F2DBC2666006CD887 /* Fortnite DropperUITests.xctest */;
			productType = "com.apple.product-type.bundle.ui-testing";
		};
/* End PBXNativeTarget section */

/* Begin PBXProject section */
		2183EC0120FE2BA6002203D3 /* Project object */ = {
			isa = PBXProject;
			attributes = {
				LastSwiftUpdateCheck = 0930;
				LastUpgradeCheck = 0930;
				ORGANIZATIONNAME = "Aaron Treinish";
				TargetAttributes = {
					2183EC0820FE2BA6002203D3 = {
						CreatedOnToolsVersion = 9.3.1;
						SystemCapabilities = {
							com.apple.InAppPurchase = {
								enabled = 1;
							};
						};
					};
					2183EC1C20FE2BB2002203D3 = {
						CreatedOnToolsVersion = 9.3.1;
						TestTargetID = 2183EC0820FE2BA6002203D3;
					};
					2183EC2720FE2BB2002203D3 = {
						CreatedOnToolsVersion = 9.3.1;
						TestTargetID = 2183EC0820FE2BA6002203D3;
					};
				};
			};
			buildConfigurationList = 2183EC0420FE2BA6002203D3 /* Build configuration list for PBXProject "Fortnite Dropper" */;
			compatibilityVersion = "Xcode 9.3";
			developmentRegion = en;
			hasScannedForEncodings = 0;
			knownRegions = (
				en,
				Base,
			);
			mainGroup = 2183EC0020FE2BA6002203D3;
			packageReferences = (
				21ADA6A82DBC14EA00B51D01 /* XCRemoteSwiftPackageReference "purchases-ios" */,
				21ADA6AD2DBC153200B51D01 /* XCRemoteSwiftPackageReference "firebase-ios-sdk" */,
				21FE6D2C2E03322200437A2F /* XCRemoteSwiftPackageReference "Zoomable" */,
				214885AC2E0349EA00466564 /* XCRemoteSwiftPackageReference "SDWebImageSwiftUI" */,
			);
			productRefGroup = 2183EC0A20FE2BA6002203D3 /* Products */;
			projectDirPath = "";
			projectRoot = "";
			targets = (
				2183EC0820FE2BA6002203D3 /* Fortnite Dropper */,
				2183EC1C20FE2BB2002203D3 /* Fortnite DropperTests */,
				2183EC2720FE2BB2002203D3 /* Fortnite DropperUITests */,
			);
		};
/* End PBXProject section */

/* Begin PBXResourcesBuildPhase section */
		2183EC0720FE2BA6002203D3 /* Resources */ = {
			isa = PBXResourcesBuildPhase;
			buildActionMask = 2147483647;
			files = (
				2183EC1720FE2BB2002203D3 /* LaunchScreen.storyboard in Resources */,
				211A437422284573001C483A /* Assets 2.xcassets in Resources */,
				21DAA1132B0BB083002B1462 /* GoogleService-Info.plist in Resources */,
				2183EC3D20FF7AB6002203D3 /* Burbank Big Condensed Black.ttf in Resources */,
				211A437222284509001C483A /* Fortnite Bus Sound.mp3 in Resources */,
				211A4370222844C8001C483A /* Hang Glider Sound.mp3 in Resources */,
			);
			runOnlyForDeploymentPostprocessing = 0;
		};
		2183EC1B20FE2BB2002203D3 /* Resources */ = {
			isa = PBXResourcesBuildPhase;
			buildActionMask = 2147483647;
			files = (
			);
			runOnlyForDeploymentPostprocessing = 0;
		};
		2183EC2620FE2BB2002203D3 /* Resources */ = {
			isa = PBXResourcesBuildPhase;
			buildActionMask = 2147483647;
			files = (
			);
			runOnlyForDeploymentPostprocessing = 0;
		};
/* End PBXResourcesBuildPhase section */

/* Begin PBXSourcesBuildPhase section */
		2183EC0520FE2BA6002203D3 /* Sources */ = {
			isa = PBXSourcesBuildPhase;
			buildActionMask = 2147483647;
			files = (
				21FE6D212E03202400437A2F /* MainScreen.swift in Sources */,
				21FE6D292E03317600437A2F /* MapView.swift in Sources */,
				214885AB2E03417D00466564 /* ShopResponse.swift in Sources */,
				214885A72E033B8400466564 /* FortniteStatsResponse.swift in Sources */,
				2183EC0F20FE2BA6002203D3 /* ViewController.swift in Sources */,
				21FE6D232E03208200437A2F /* FortniteDropperApp.swift in Sources */,
				2183EC0D20FE2BA6002203D3 /* AppDelegate.swift in Sources */,
				21FE6D2B2E03318900437A2F /* FortniteMapResponse.swift in Sources */,
				214885A52E033B7600466564 /* StatsTabView.swift in Sources */,
				214885A92E03417600466564 /* ShopTabView.swift in Sources */,
				21FE6D272E03316A00437A2F /* MainTabView.swift in Sources */,
				2131939D29461C1600B3BCE9 /* SusbcribeView.swift in Sources */,
				21FE6D252E0320A000437A2F /* Constants.swift in Sources */,
				214885B02E03649200466564 /* FortniteShopView.swift in Sources */,
			);
			runOnlyForDeploymentPostprocessing = 0;
		};
		2183EC1920FE2BB2002203D3 /* Sources */ = {
			isa = PBXSourcesBuildPhase;
			buildActionMask = 2147483647;
			files = (
			);
			runOnlyForDeploymentPostprocessing = 0;
		};
		2183EC2420FE2BB2002203D3 /* Sources */ = {
			isa = PBXSourcesBuildPhase;
			buildActionMask = 2147483647;
			files = (
			);
			runOnlyForDeploymentPostprocessing = 0;
		};
/* End PBXSourcesBuildPhase section */

/* Begin PBXTargetDependency section */
		2183EC1F20FE2BB2002203D3 /* PBXTargetDependency */ = {
			isa = PBXTargetDependency;
			target = 2183EC0820FE2BA6002203D3 /* Fortnite Dropper */;
			targetProxy = 2183EC1E20FE2BB2002203D3 /* PBXContainerItemProxy */;
		};
		2183EC2A20FE2BB2002203D3 /* PBXTargetDependency */ = {
			isa = PBXTargetDependency;
			target = 2183EC0820FE2BA6002203D3 /* Fortnite Dropper */;
			targetProxy = 2183EC2920FE2BB2002203D3 /* PBXContainerItemProxy */;
		};
/* End PBXTargetDependency section */

/* Begin PBXVariantGroup section */
		2183EC1520FE2BB2002203D3 /* LaunchScreen.storyboard */ = {
			isa = PBXVariantGroup;
			children = (
				2183EC1620FE2BB2002203D3 /* Base */,
			);
			name = LaunchScreen.storyboard;
			sourceTree = "<group>";
		};
/* End PBXVariantGroup section */

/* Begin XCBuildConfiguration section */
		2183EC2F20FE2BB2002203D3 /* Debug */ = {
			isa = XCBuildConfiguration;
			buildSettings = {
				ALWAYS_SEARCH_USER_PATHS = NO;
				CLANG_ANALYZER_NONNULL = YES;
				CLANG_ANALYZER_NUMBER_OBJECT_CONVERSION = YES_AGGRESSIVE;
				CLANG_CXX_LANGUAGE_STANDARD = "gnu++14";
				CLANG_CXX_LIBRARY = "libc++";
				CLANG_ENABLE_MODULES = YES;
				CLANG_ENABLE_OBJC_ARC = YES;
				CLANG_ENABLE_OBJC_WEAK = YES;
				CLANG_WARN_BLOCK_CAPTURE_AUTORELEASING = YES;
				CLANG_WARN_BOOL_CONVERSION = YES;
				CLANG_WARN_COMMA = YES;
				CLANG_WARN_CONSTANT_CONVERSION = YES;
				CLANG_WARN_DEPRECATED_OBJC_IMPLEMENTATIONS = YES;
				CLANG_WARN_DIRECT_OBJC_ISA_USAGE = YES_ERROR;
				CLANG_WARN_DOCUMENTATION_COMMENTS = YES;
				CLANG_WARN_EMPTY_BODY = YES;
				CLANG_WARN_ENUM_CONVERSION = YES;
				CLANG_WARN_INFINITE_RECURSION = YES;
				CLANG_WARN_INT_CONVERSION = YES;
				CLANG_WARN_NON_LITERAL_NULL_CONVERSION = YES;
				CLANG_WARN_OBJC_IMPLICIT_RETAIN_SELF = YES;
				CLANG_WARN_OBJC_LITERAL_CONVERSION = YES;
				CLANG_WARN_OBJC_ROOT_CLASS = YES_ERROR;
				CLANG_WARN_RANGE_LOOP_ANALYSIS = YES;
				CLANG_WARN_STRICT_PROTOTYPES = YES;
				CLANG_WARN_SUSPICIOUS_MOVE = YES;
				CLANG_WARN_UNGUARDED_AVAILABILITY = YES_AGGRESSIVE;
				CLANG_WARN_UNREACHABLE_CODE = YES;
				CLANG_WARN__DUPLICATE_METHOD_MATCH = YES;
				CODE_SIGN_IDENTITY = "iPhone Developer";
				COPY_PHASE_STRIP = NO;
				DEBUG_INFORMATION_FORMAT = dwarf;
				ENABLE_STRICT_OBJC_MSGSEND = YES;
				ENABLE_TESTABILITY = YES;
				GCC_C_LANGUAGE_STANDARD = gnu11;
				GCC_DYNAMIC_NO_PIC = NO;
				GCC_NO_COMMON_BLOCKS = YES;
				GCC_OPTIMIZATION_LEVEL = 0;
				GCC_PREPROCESSOR_DEFINITIONS = (
					"DEBUG=1",
					"$(inherited)",
				);
				GCC_WARN_64_TO_32_BIT_CONVERSION = YES;
				GCC_WARN_ABOUT_RETURN_TYPE = YES_ERROR;
				GCC_WARN_UNDECLARED_SELECTOR = YES;
				GCC_WARN_UNINITIALIZED_AUTOS = YES_AGGRESSIVE;
				GCC_WARN_UNUSED_FUNCTION = YES;
				GCC_WARN_UNUSED_VARIABLE = YES;
				IPHONEOS_DEPLOYMENT_TARGET = 11.3;
				MTL_ENABLE_DEBUG_INFO = YES;
				ONLY_ACTIVE_ARCH = YES;
				SDKROOT = iphoneos;
				SWIFT_ACTIVE_COMPILATION_CONDITIONS = DEBUG;
				SWIFT_OPTIMIZATION_LEVEL = "-Onone";
			};
			name = Debug;
		};
		2183EC3020FE2BB2002203D3 /* Release */ = {
			isa = XCBuildConfiguration;
			buildSettings = {
				ALWAYS_SEARCH_USER_PATHS = NO;
				CLANG_ANALYZER_NONNULL = YES;
				CLANG_ANALYZER_NUMBER_OBJECT_CONVERSION = YES_AGGRESSIVE;
				CLANG_CXX_LANGUAGE_STANDARD = "gnu++14";
				CLANG_CXX_LIBRARY = "libc++";
				CLANG_ENABLE_MODULES = YES;
				CLANG_ENABLE_OBJC_ARC = YES;
				CLANG_ENABLE_OBJC_WEAK = YES;
				CLANG_WARN_BLOCK_CAPTURE_AUTORELEASING = YES;
				CLANG_WARN_BOOL_CONVERSION = YES;
				CLANG_WARN_COMMA = YES;
				CLANG_WARN_CONSTANT_CONVERSION = YES;
				CLANG_WARN_DEPRECATED_OBJC_IMPLEMENTATIONS = YES;
				CLANG_WARN_DIRECT_OBJC_ISA_USAGE = YES_ERROR;
				CLANG_WARN_DOCUMENTATION_COMMENTS = YES;
				CLANG_WARN_EMPTY_BODY = YES;
				CLANG_WARN_ENUM_CONVERSION = YES;
				CLANG_WARN_INFINITE_RECURSION = YES;
				CLANG_WARN_INT_CONVERSION = YES;
				CLANG_WARN_NON_LITERAL_NULL_CONVERSION = YES;
				CLANG_WARN_OBJC_IMPLICIT_RETAIN_SELF = YES;
				CLANG_WARN_OBJC_LITERAL_CONVERSION = YES;
				CLANG_WARN_OBJC_ROOT_CLASS = YES_ERROR;
				CLANG_WARN_RANGE_LOOP_ANALYSIS = YES;
				CLANG_WARN_STRICT_PROTOTYPES = YES;
				CLANG_WARN_SUSPICIOUS_MOVE = YES;
				CLANG_WARN_UNGUARDED_AVAILABILITY = YES_AGGRESSIVE;
				CLANG_WARN_UNREACHABLE_CODE = YES;
				CLANG_WARN__DUPLICATE_METHOD_MATCH = YES;
				CODE_SIGN_IDENTITY = "iPhone Developer";
				COPY_PHASE_STRIP = NO;
				DEBUG_INFORMATION_FORMAT = "dwarf-with-dsym";
				ENABLE_NS_ASSERTIONS = NO;
				ENABLE_STRICT_OBJC_MSGSEND = YES;
				GCC_C_LANGUAGE_STANDARD = gnu11;
				GCC_NO_COMMON_BLOCKS = YES;
				GCC_WARN_64_TO_32_BIT_CONVERSION = YES;
				GCC_WARN_ABOUT_RETURN_TYPE = YES_ERROR;
				GCC_WARN_UNDECLARED_SELECTOR = YES;
				GCC_WARN_UNINITIALIZED_AUTOS = YES_AGGRESSIVE;
				GCC_WARN_UNUSED_FUNCTION = YES;
				GCC_WARN_UNUSED_VARIABLE = YES;
				IPHONEOS_DEPLOYMENT_TARGET = 11.3;
				MTL_ENABLE_DEBUG_INFO = NO;
				SDKROOT = iphoneos;
				SWIFT_COMPILATION_MODE = wholemodule;
				SWIFT_OPTIMIZATION_LEVEL = "-O";
				VALIDATE_PRODUCT = YES;
			};
			name = Release;
		};
		2183EC3220FE2BB2002203D3 /* Debug */ = {
			isa = XCBuildConfiguration;
			buildSettings = {
				ASSETCATALOG_COMPILER_APPICON_NAME = AppIcon;
				CODE_SIGN_STYLE = Automatic;
				CURRENT_PROJECT_VERSION = 1;
				DEVELOPMENT_TEAM = NP8854APR4;
				INFOPLIST_FILE = "Fortnite Dropper/Info.plist";
				IPHONEOS_DEPLOYMENT_TARGET = 16.6;
				LD_RUNPATH_SEARCH_PATHS = (
					"$(inherited)",
					"@executable_path/Frameworks",
				);
				MARKETING_VERSION = 8.2;
				PRODUCT_BUNDLE_IDENTIFIER = "com.AaronTreinish.Fortnite-Dropper";
				PRODUCT_NAME = "$(TARGET_NAME)";
				SWIFT_VERSION = 4.0;
				TARGETED_DEVICE_FAMILY = "1,2";
			};
			name = Debug;
		};
		2183EC3320FE2BB2002203D3 /* Release */ = {
			isa = XCBuildConfiguration;
			buildSettings = {
				ASSETCATALOG_COMPILER_APPICON_NAME = AppIcon;
				CODE_SIGN_STYLE = Automatic;
				CURRENT_PROJECT_VERSION = 1;
				DEVELOPMENT_TEAM = NP8854APR4;
				INFOPLIST_FILE = "Fortnite Dropper/Info.plist";
				IPHONEOS_DEPLOYMENT_TARGET = 16.6;
				LD_RUNPATH_SEARCH_PATHS = (
					"$(inherited)",
					"@executable_path/Frameworks",
				);
				MARKETING_VERSION = 8.2;
				PRODUCT_BUNDLE_IDENTIFIER = "com.AaronTreinish.Fortnite-Dropper";
				PRODUCT_NAME = "$(TARGET_NAME)";
				SWIFT_VERSION = 4.0;
				TARGETED_DEVICE_FAMILY = "1,2";
			};
			name = Release;
		};
		2183EC3520FE2BB2002203D3 /* Debug */ = {
			isa = XCBuildConfiguration;
			buildSettings = {
				ALWAYS_EMBED_SWIFT_STANDARD_LIBRARIES = YES;
				BUNDLE_LOADER = "$(TEST_HOST)";
				CODE_SIGN_STYLE = Automatic;
				INFOPLIST_FILE = "Fortnite DropperTests/Info.plist";
				LD_RUNPATH_SEARCH_PATHS = (
					"$(inherited)",
					"@executable_path/Frameworks",
					"@loader_path/Frameworks",
				);
				PRODUCT_BUNDLE_IDENTIFIER = "com.AaronTreinish.Fortnite-DropperTests";
				PRODUCT_NAME = "$(TARGET_NAME)";
				SWIFT_VERSION = 4.0;
				TARGETED_DEVICE_FAMILY = "1,2";
				TEST_HOST = "$(BUILT_PRODUCTS_DIR)/Fortnite Dropper.app/Fortnite Dropper";
			};
			name = Debug;
		};
		2183EC3620FE2BB2002203D3 /* Release */ = {
			isa = XCBuildConfiguration;
			buildSettings = {
				ALWAYS_EMBED_SWIFT_STANDARD_LIBRARIES = YES;
				BUNDLE_LOADER = "$(TEST_HOST)";
				CODE_SIGN_STYLE = Automatic;
				INFOPLIST_FILE = "Fortnite DropperTests/Info.plist";
				LD_RUNPATH_SEARCH_PATHS = (
					"$(inherited)",
					"@executable_path/Frameworks",
					"@loader_path/Frameworks",
				);
				PRODUCT_BUNDLE_IDENTIFIER = "com.AaronTreinish.Fortnite-DropperTests";
				PRODUCT_NAME = "$(TARGET_NAME)";
				SWIFT_VERSION = 4.0;
				TARGETED_DEVICE_FAMILY = "1,2";
				TEST_HOST = "$(BUILT_PRODUCTS_DIR)/Fortnite Dropper.app/Fortnite Dropper";
			};
			name = Release;
		};
		2183EC3820FE2BB2002203D3 /* Debug */ = {
			isa = XCBuildConfiguration;
			buildSettings = {
				ALWAYS_EMBED_SWIFT_STANDARD_LIBRARIES = YES;
				CODE_SIGN_STYLE = Automatic;
				INFOPLIST_FILE = "Fortnite DropperUITests/Info.plist";
				LD_RUNPATH_SEARCH_PATHS = (
					"$(inherited)",
					"@executable_path/Frameworks",
					"@loader_path/Frameworks",
				);
				PRODUCT_BUNDLE_IDENTIFIER = "com.AaronTreinish.Fortnite-DropperUITests";
				PRODUCT_NAME = "$(TARGET_NAME)";
				SWIFT_VERSION = 4.0;
				TARGETED_DEVICE_FAMILY = "1,2";
				TEST_TARGET_NAME = "Fortnite Dropper";
			};
			name = Debug;
		};
		2183EC3920FE2BB2002203D3 /* Release */ = {
			isa = XCBuildConfiguration;
			buildSettings = {
				ALWAYS_EMBED_SWIFT_STANDARD_LIBRARIES = YES;
				CODE_SIGN_STYLE = Automatic;
				INFOPLIST_FILE = "Fortnite DropperUITests/Info.plist";
				LD_RUNPATH_SEARCH_PATHS = (
					"$(inherited)",
					"@executable_path/Frameworks",
					"@loader_path/Frameworks",
				);
				PRODUCT_BUNDLE_IDENTIFIER = "com.AaronTreinish.Fortnite-DropperUITests";
				PRODUCT_NAME = "$(TARGET_NAME)";
				SWIFT_VERSION = 4.0;
				TARGETED_DEVICE_FAMILY = "1,2";
				TEST_TARGET_NAME = "Fortnite Dropper";
			};
			name = Release;
		};
/* End XCBuildConfiguration section */

/* Begin XCConfigurationList section */
		2183EC0420FE2BA6002203D3 /* Build configuration list for PBXProject "Fortnite Dropper" */ = {
			isa = XCConfigurationList;
			buildConfigurations = (
				2183EC2F20FE2BB2002203D3 /* Debug */,
				2183EC3020FE2BB2002203D3 /* Release */,
			);
			defaultConfigurationIsVisible = 0;
			defaultConfigurationName = Release;
		};
		2183EC3120FE2BB2002203D3 /* Build configuration list for PBXNativeTarget "Fortnite Dropper" */ = {
			isa = XCConfigurationList;
			buildConfigurations = (
				2183EC3220FE2BB2002203D3 /* Debug */,
				2183EC3320FE2BB2002203D3 /* Release */,
			);
			defaultConfigurationIsVisible = 0;
			defaultConfigurationName = Release;
		};
		2183EC3420FE2BB2002203D3 /* Build configuration list for PBXNativeTarget "Fortnite DropperTests" */ = {
			isa = XCConfigurationList;
			buildConfigurations = (
				2183EC3520FE2BB2002203D3 /* Debug */,
				2183EC3620FE2BB2002203D3 /* Release */,
			);
			defaultConfigurationIsVisible = 0;
			defaultConfigurationName = Release;
		};
		2183EC3720FE2BB2002203D3 /* Build configuration list for PBXNativeTarget "Fortnite DropperUITests" */ = {
			isa = XCConfigurationList;
			buildConfigurations = (
				2183EC3820FE2BB2002203D3 /* Debug */,
				2183EC3920FE2BB2002203D3 /* Release */,
			);
			defaultConfigurationIsVisible = 0;
			defaultConfigurationName = Release;
		};
/* End XCConfigurationList section */

/* Begin XCRemoteSwiftPackageReference section */
		214885AC2E0349EA00466564 /* XCRemoteSwiftPackageReference "SDWebImageSwiftUI" */ = {
			isa = XCRemoteSwiftPackageReference;
			repositoryURL = "https://github.com/SDWebImage/SDWebImageSwiftUI";
			requirement = {
				kind = upToNextMajorVersion;
				minimumVersion = 3.1.3;
			};
		};
		21ADA6A82DBC14EA00B51D01 /* XCRemoteSwiftPackageReference "purchases-ios" */ = {
			isa = XCRemoteSwiftPackageReference;
			repositoryURL = "https://github.com/RevenueCat/purchases-ios.git";
			requirement = {
				kind = upToNextMajorVersion;
				minimumVersion = 5.22.1;
			};
		};
		21ADA6AD2DBC153200B51D01 /* XCRemoteSwiftPackageReference "firebase-ios-sdk" */ = {
			isa = XCRemoteSwiftPackageReference;
			repositoryURL = "https://github.com/firebase/firebase-ios-sdk.git";
			requirement = {
				kind = upToNextMajorVersion;
				minimumVersion = 11.12.0;
			};
		};
		21FE6D2C2E03322200437A2F /* XCRemoteSwiftPackageReference "Zoomable" */ = {
			isa = XCRemoteSwiftPackageReference;
			repositoryURL = "https://github.com/ryohey/Zoomable.git";
			requirement = {
				branch = main;
				kind = branch;
			};
		};
/* End XCRemoteSwiftPackageReference section */

/* Begin XCSwiftPackageProductDependency section */
		214885AD2E0349EA00466564 /* SDWebImageSwiftUI */ = {
			isa = XCSwiftPackageProductDependency;
			package = 214885AC2E0349EA00466564 /* XCRemoteSwiftPackageReference "SDWebImageSwiftUI" */;
			productName = SDWebImageSwiftUI;
		};
		21ADA6A92DBC14EA00B51D01 /* RevenueCat */ = {
			isa = XCSwiftPackageProductDependency;
			package = 21ADA6A82DBC14EA00B51D01 /* XCRemoteSwiftPackageReference "purchases-ios" */;
			productName = RevenueCat;
		};
		21ADA6AB2DBC14EA00B51D01 /* RevenueCatUI */ = {
			isa = XCSwiftPackageProductDependency;
			package = 21ADA6A82DBC14EA00B51D01 /* XCRemoteSwiftPackageReference "purchases-ios" */;
			productName = RevenueCatUI;
		};
		21ADA6AE2DBC153200B51D01 /* FirebaseAnalytics */ = {
			isa = XCSwiftPackageProductDependency;
			package = 21ADA6AD2DBC153200B51D01 /* XCRemoteSwiftPackageReference "firebase-ios-sdk" */;
			productName = FirebaseAnalytics;
		};
		21ADA6B02DBC153200B51D01 /* FirebaseCore */ = {
			isa = XCSwiftPackageProductDependency;
			package = 21ADA6AD2DBC153200B51D01 /* XCRemoteSwiftPackageReference "firebase-ios-sdk" */;
			productName = FirebaseCore;
		};
		21ADA6B22DBC153200B51D01 /* FirebaseCrashlytics */ = {
			isa = XCSwiftPackageProductDependency;
			package = 21ADA6AD2DBC153200B51D01 /* XCRemoteSwiftPackageReference "firebase-ios-sdk" */;
			productName = FirebaseCrashlytics;
		};
		21ADA6B42DBC153200B51D01 /* FirebaseDatabase */ = {
			isa = XCSwiftPackageProductDependency;
			package = 21ADA6AD2DBC153200B51D01 /* XCRemoteSwiftPackageReference "firebase-ios-sdk" */;
			productName = FirebaseDatabase;
		};
		21ADA6B62DBC153200B51D01 /* FirebaseDynamicLinks */ = {
			isa = XCSwiftPackageProductDependency;
			package = 21ADA6AD2DBC153200B51D01 /* XCRemoteSwiftPackageReference "firebase-ios-sdk" */;
			productName = FirebaseDynamicLinks;
		};
		21ADA6B82DBC153200B51D01 /* FirebaseFirestore */ = {
			isa = XCSwiftPackageProductDependency;
			package = 21ADA6AD2DBC153200B51D01 /* XCRemoteSwiftPackageReference "firebase-ios-sdk" */;
			productName = FirebaseFirestore;
		};
		21ADA6BA2DBC153200B51D01 /* FirebaseFirestoreCombine-Community */ = {
			isa = XCSwiftPackageProductDependency;
			package = 21ADA6AD2DBC153200B51D01 /* XCRemoteSwiftPackageReference "firebase-ios-sdk" */;
			productName = "FirebaseFirestoreCombine-Community";
		};
		21ADA6BC2DBC153200B51D01 /* FirebaseFunctions */ = {
			isa = XCSwiftPackageProductDependency;
			package = 21ADA6AD2DBC153200B51D01 /* XCRemoteSwiftPackageReference "firebase-ios-sdk" */;
			productName = FirebaseFunctions;
		};
		21ADA6BE2DBC153200B51D01 /* FirebaseRemoteConfig */ = {
			isa = XCSwiftPackageProductDependency;
			package = 21ADA6AD2DBC153200B51D01 /* XCRemoteSwiftPackageReference "firebase-ios-sdk" */;
			productName = FirebaseRemoteConfig;
		};
		21ADA6C02DBC153200B51D01 /* FirebaseStorage */ = {
			isa = XCSwiftPackageProductDependency;
			package = 21ADA6AD2DBC153200B51D01 /* XCRemoteSwiftPackageReference "firebase-ios-sdk" */;
			productName = FirebaseStorage;
		};
		21ADA6C22DBC153200B51D01 /* FirebaseStorageCombine-Community */ = {
			isa = XCSwiftPackageProductDependency;
			package = 21ADA6AD2DBC153200B51D01 /* XCRemoteSwiftPackageReference "firebase-ios-sdk" */;
			productName = "FirebaseStorageCombine-Community";
		};
		21FE6D2D2E03322200437A2F /* Zoomable */ = {
			isa = XCSwiftPackageProductDependency;
			package = 21FE6D2C2E03322200437A2F /* XCRemoteSwiftPackageReference "Zoomable" */;
			productName = Zoomable;
		};
/* End XCSwiftPackageProductDependency section */
	};
	rootObject = 2183EC0120FE2BA6002203D3 /* Project object */;
}
